
Microsoft Visual Studio Solution File, Format Version 12.00
# Visual Studio Version 17
VisualStudioVersion = 17.13.35825.156 d17.13
MinimumVisualStudioVersion = 10.0.40219.1
Project("{FAE04EC0-301F-11D3-BF4B-00C04F79EFBC}") = "Shop", "Shop\Shop.csproj", "{EA689519-BC44-441E-A1E4-E571797B6CE5}"
EndProject
Global
	GlobalSection(SolutionConfigurationPlatforms) = preSolution
		Debug|Any CPU = Debug|Any CPU
		Release|Any CPU = Release|Any CPU
	EndGlobalSection
	GlobalSection(ProjectConfigurationPlatforms) = postSolution
		{EA689519-BC44-441E-A1E4-E571797B6CE5}.Debug|Any CPU.ActiveCfg = Debug|Any CPU
		{EA689519-BC44-441E-A1E4-E571797B6CE5}.Debug|Any CPU.Build.0 = Debug|Any CPU
		{EA689519-BC44-441E-A1E4-E571797B6CE5}.Release|Any CPU.ActiveCfg = Release|Any CPU
		{EA689519-BC44-441E-A1E4-E571797B6CE5}.Release|Any CPU.Build.0 = Release|Any CPU
	EndGlobalSection
	GlobalSection(SolutionProperties) = preSolution
		HideSolutionNode = FALSE
	EndGlobalSection
	GlobalSection(ExtensibilityGlobals) = postSolution
		SolutionGuid = {E212C376-1CF1-43B4-A3E9-10CFF42A70FB}
	EndGlobalSection
EndGlobal
